<?xml version="1.0" encoding="utf-8"?>
<Project ToolsVersion="4.0" xmlns="http://schemas.microsoft.com/developer/msbuild/2003">
  <ItemGroup>
    <Filter Include="Source Files">
      <UniqueIdentifier>{cf3a3c76-506b-4289-9f44-fa8d8ff77b51}</UniqueIdentifier>
      <Extensions>cpp;c;cxx;rc;def;r;odl;idl;hpj;bat;for;f90</Extensions>
    </Filter>
    <Filter Include="Header Files">
      <UniqueIdentifier>{07286960-78bb-49c8-8be9-8dec615889d8}</UniqueIdentifier>
      <Extensions>h;hpp;hxx;hm;inl;fi;fd</Extensions>
    </Filter>
    <Filter Include="Resource Files">
      <UniqueIdentifier>{79c15802-959c-4c15-a84c-c4801bbd92e2}</UniqueIdentifier>
      <Extensions>ico;cur;bmp;dlg;rc2;rct;bin;cnt;rtf;gif;jpg;jpeg;jpe</Extensions>
    </Filter>
  </ItemGroup>
  <ItemGroup>
    <ClCompile Include="MCStreamMEX.cpp">
      <Filter>Source Files</Filter>
    </ClCompile>
    <ClCompile Include="StdAfx.cpp">
      <Filter>Source Files</Filter>
    </ClCompile>
  </ItemGroup>
  <ItemGroup>
    <None Include="MCStreamMEX.def">
      <Filter>Source Files</Filter>
    </None>
    <None Include="res\MCStreamMEX.rc2">
      <Filter>Resource Files</Filter>
    </None>
  </ItemGroup>
  <ItemGroup>
    <ResourceCompile Include="MCStreamMEX.rc">
      <Filter>Source Files</Filter>
    </ResourceCompile>
  </ItemGroup>
  <ItemGroup>
    <ClInclude Include="IMCSChannel.h">
      <Filter>Header Files</Filter>
    </ClInclude>
    <ClInclude Include="IMCSChunk.h">
      <Filter>Header Files</Filter>
    </ClInclude>
    <ClInclude Include="IMCSEvent.h">
      <Filter>Header Files</Filter>
    </ClInclude>
    <ClInclude Include="IMCSEvtAverage.h">
      <Filter>Header Files</Filter>
    </ClInclude>
    <ClInclude Include="IMCSEvtHisto.h">
      <Filter>Header Files</Filter>
    </ClInclude>
    <ClInclude Include="IMCSEvtParam.h">
      <Filter>Header Files</Filter>
    </ClInclude>
    <ClInclude Include="IMCSEvtRaw.h">
      <Filter>Header Files</Filter>
    </ClInclude>
    <ClInclude Include="IMCSEvtSpike.h">
      <Filter>Header Files</Filter>
    </ClInclude>
    <ClInclude Include="IMCSEvtTrigger.h">
      <Filter>Header Files</Filter>
    </ClInclude>
    <ClInclude Include="IMCSInfoAverage.h">
      <Filter>Header Files</Filter>
    </ClInclude>
    <ClInclude Include="IMCSInfoFilter.h">
      <Filter>Header Files</Filter>
    </ClInclude>
    <ClInclude Include="IMCSInfoHisto.h">
      <Filter>Header Files</Filter>
    </ClInclude>
    <ClInclude Include="IMCSInfoParam.h">
      <Filter>Header Files</Filter>
    </ClInclude>
    <ClInclude Include="IMCSInfoRaw.h">
      <Filter>Header Files</Filter>
    </ClInclude>
    <ClInclude Include="IMCSInfoSpike.h">
      <Filter>Header Files</Filter>
    </ClInclude>
    <ClInclude Include="IMCSInfoTrigger.h">
      <Filter>Header Files</Filter>
    </ClInclude>
    <ClInclude Include="IMCSStream.h">
      <Filter>Header Files</Filter>
    </ClInclude>
    <ClInclude Include="IMCSStreamFile.h">
      <Filter>Header Files</Filter>
    </ClInclude>
    <ClInclude Include="IMCSTimeStamp.h">
      <Filter>Header Files</Filter>
    </ClInclude>
    <ClInclude Include="mcstream.h">
      <Filter>Header Files</Filter>
    </ClInclude>
    <ClInclude Include="MCStreamMEX.h">
      <Filter>Header Files</Filter>
    </ClInclude>
    <ClInclude Include="Resource.h">
      <Filter>Header Files</Filter>
    </ClInclude>
    <ClInclude Include="StdAfx.h">
      <Filter>Header Files</Filter>
    </ClInclude>
  </ItemGroup>
</Project>